
Microsoft Visual Studio Solution File, Format Version 12.00
# Visual Studio 15
VisualStudioVersion = 15.0.26430.13
MinimumVisualStudioVersion = 10.0.40219.1
Project("{FAE04EC0-301F-11D3-BF4B-00C04F79EFBC}") = "HebbNeuron", "HebbNeuron\HebbNeuron.csproj", "{B491D708-9C7F-4217-8253-710AD82ADAB2}"
EndProject
Project("{FAE04EC0-301F-11D3-BF4B-00C04F79EFBC}") = "RosenblattNeuron", "RosenblattNeuron\RosenblattNeuron.csproj", "{2CA1F163-20F4-4DCE-8DDB-36D3ECCDCC11}"
EndProject
Project("{FAE04EC0-301F-11D3-BF4B-00C04F79EFBC}") = "DemoApplication", "DemoApplication\DemoApplication.csproj", "{D9D08FF3-996B-4396-A12E-200D467C640F}"
EndProject
Global
	GlobalSection(SolutionConfigurationPlatforms) = preSolution
		Debug|Any CPU = Debug|Any CPU
		Release|Any CPU = Release|Any CPU
	EndGlobalSection
	GlobalSection(ProjectConfigurationPlatforms) = postSolution
		{B491D708-9C7F-4217-8253-710AD82ADAB2}.Debug|Any CPU.ActiveCfg = Debug|Any CPU
		{B491D708-9C7F-4217-8253-710AD82ADAB2}.Debug|Any CPU.Build.0 = Debug|Any CPU
		{B491D708-9C7F-4217-8253-710AD82ADAB2}.Release|Any CPU.ActiveCfg = Release|Any CPU
		{B491D708-9C7F-4217-8253-710AD82ADAB2}.Release|Any CPU.Build.0 = Release|Any CPU
		{2CA1F163-20F4-4DCE-8DDB-36D3ECCDCC11}.Debug|Any CPU.ActiveCfg = Debug|Any CPU
		{2CA1F163-20F4-4DCE-8DDB-36D3ECCDCC11}.Debug|Any CPU.Build.0 = Debug|Any CPU
		{2CA1F163-20F4-4DCE-8DDB-36D3ECCDCC11}.Release|Any CPU.ActiveCfg = Release|Any CPU
		{2CA1F163-20F4-4DCE-8DDB-36D3ECCDCC11}.Release|Any CPU.Build.0 = Release|Any CPU
		{D9D08FF3-996B-4396-A12E-200D467C640F}.Debug|Any CPU.ActiveCfg = Debug|Any CPU
		{D9D08FF3-996B-4396-A12E-200D467C640F}.Debug|Any CPU.Build.0 = Debug|Any CPU
		{D9D08FF3-996B-4396-A12E-200D467C640F}.Release|Any CPU.ActiveCfg = Release|Any CPU
		{D9D08FF3-996B-4396-A12E-200D467C640F}.Release|Any CPU.Build.0 = Release|Any CPU
	EndGlobalSection
	GlobalSection(SolutionProperties) = preSolution
		HideSolutionNode = FALSE
	EndGlobalSection
EndGlobal
